
Microsoft Visual Studio Solution File, Format Version 12.00
# Visual Studio Version 16
VisualStudioVersion = 16.0.31402.337
MinimumVisualStudioVersion = 10.0.40219.1
Project("{FAE04EC0-301F-11D3-BF4B-00C04F79EFBC}") = "HotelListingNew", "HotelListingNew\HotelListingNew.csproj", "{03106E1A-C6E3-41CA-8A52-8EB57B9662F8}"
EndProject
Global
	GlobalSection(SolutionConfigurationPlatforms) = preSolution
		Debug|Any CPU = Debug|Any CPU
		Release|Any CPU = Release|Any CPU
	EndGlobalSection
	GlobalSection(ProjectConfigurationPlatforms) = postSolution
		{03106E1A-C6E3-41CA-8A52-8EB57B9662F8}.Debug|Any CPU.ActiveCfg = Debug|Any CPU
		{03106E1A-C6E3-41CA-8A52-8EB57B9662F8}.Debug|Any CPU.Build.0 = Debug|Any CPU
		{03106E1A-C6E3-41CA-8A52-8EB57B9662F8}.Release|Any CPU.ActiveCfg = Release|Any CPU
		{03106E1A-C6E3-41CA-8A52-8EB57B9662F8}.Release|Any CPU.Build.0 = Release|Any CPU
	EndGlobalSection
	GlobalSection(SolutionProperties) = preSolution
		HideSolutionNode = FALSE
	EndGlobalSection
	GlobalSection(ExtensibilityGlobals) = postSolution
		SolutionGuid = {D0BB0866-5CDC-491A-B233-2D99363B1AED}
	EndGlobalSection
EndGlobal
